
Microsoft Visual Studio Solution File, Format Version 12.00
# Visual Studio Version 16
VisualStudioVersion = 16.0.29306.81
MinimumVisualStudioVersion = 10.0.40219.1
Project("{9A19103F-16F7-4668-BE54-9A1E7A4F7556}") = "DiagnosticHelper", "DiagnosticHelper\DiagnosticHelper.csproj", "{B97524CF-8FB6-426D-A46B-569DA3B60B54}"
EndProject
Project("{2150E333-8FDC-42A3-9474-1A3956D46DE8}") = "Solution Items", "Solution Items", "{B7B3589C-F65D-441A-882A-F4D74EF796D7}"
	ProjectSection(SolutionItems) = preProject
		Readme.md = Readme.md
	EndProjectSection
EndProject
Global
	GlobalSection(SolutionConfigurationPlatforms) = preSolution
		Debug|Any CPU = Debug|Any CPU
		Release|Any CPU = Release|Any CPU
	EndGlobalSection
	GlobalSection(ProjectConfigurationPlatforms) = postSolution
		{B97524CF-8FB6-426D-A46B-569DA3B60B54}.Debug|Any CPU.ActiveCfg = Debug|Any CPU
		{B97524CF-8FB6-426D-A46B-569DA3B60B54}.Debug|Any CPU.Build.0 = Debug|Any CPU
		{B97524CF-8FB6-426D-A46B-569DA3B60B54}.Release|Any CPU.ActiveCfg = Release|Any CPU
		{B97524CF-8FB6-426D-A46B-569DA3B60B54}.Release|Any CPU.Build.0 = Release|Any CPU
	EndGlobalSection
	GlobalSection(SolutionProperties) = preSolution
		HideSolutionNode = FALSE
	EndGlobalSection
	GlobalSection(ExtensibilityGlobals) = postSolution
		SolutionGuid = {61D842D5-B691-4BC7-9250-697C97995C8A}
	EndGlobalSection
EndGlobal
